Microsoft Visual Studio Solution File, Format Version 12.00
# Visual Studio Version 18
VisualStudioVersion = 18.3.11312.210
MinimumVisualStudioVersion = 10.0.40219.1
Project("{8BC9CEB8-8B4A-11D0-8D11-00A0C91BC942}") = "make_versioninfo", "make_versioninfo.vcxproj", "{F0E0541E-F17D-430B-97C4-93ADF0DD284E}"
EndProject
Project("{8BC9CEB8-8B4A-11D0-8D11-00A0C91BC942}") = "python", "python.vcxproj", "{B11D750F-CD1F-4A96-85CE-E69A5C5259F9}"
EndProject
Project("{8BC9CEB8-8B4A-11D0-8D11-00A0C91BC942}") = "pythoncore", "pythoncore.vcxproj", "{CF7AC3D1-E2DF-41D2-BEA6-1E2556CDEA26}"
EndProject
Project("{8BC9CEB8-8B4A-11D0-8D11-00A0C91BC942}") = "pythonw", "pythonw.vcxproj", "{F4229CC3-873C-49AE-9729-DD308ED4CD4A}"
EndProject
Project("{2150E333-8FDC-42A3-9474-1A3956D46DE8}") = "Solution Items", "Solution Items", "{002862ED-0E31-4DE5-BF0A-F3B59297AFA2}"
	ProjectSection(SolutionItems) = preProject
		readme.txt = readme.txt
	EndProjectSection
EndProject
Project("{8BC9CEB8-8B4A-11D0-8D11-00A0C91BC942}") = "_testcapi", "_testcapi.vcxproj", "{8CEBAA3E-8A41-B3E3-3A38-9271586FE28D}"
EndProject
Global
	GlobalSection(SolutionConfigurationPlatforms) = preSolution
		Debug|Win32 = Debug|Win32
		PGInstrument|Win32 = PGInstrument|Win32
		PGUpdate|Win32 = PGUpdate|Win32
		Release|Win32 = Release|Win32
	EndGlobalSection
	GlobalSection(ProjectConfigurationPlatforms) = postSolution
		{F0E0541E-F17D-430B-97C4-93ADF0DD284E}.Debug|Win32.ActiveCfg = Debug|Win32
		{F0E0541E-F17D-430B-97C4-93ADF0DD284E}.Debug|Win32.Build.0 = Debug|Win32
		{F0E0541E-F17D-430B-97C4-93ADF0DD284E}.PGInstrument|Win32.ActiveCfg = PGInstrument|Win32
		{F0E0541E-F17D-430B-97C4-93ADF0DD284E}.PGInstrument|Win32.Build.0 = PGInstrument|Win32
		{F0E0541E-F17D-430B-97C4-93ADF0DD284E}.PGUpdate|Win32.ActiveCfg = PGUpdate|Win32
		{F0E0541E-F17D-430B-97C4-93ADF0DD284E}.PGUpdate|Win32.Build.0 = PGUpdate|Win32
		{F0E0541E-F17D-430B-97C4-93ADF0DD284E}.Release|Win32.ActiveCfg = Release|Win32
		{F0E0541E-F17D-430B-97C4-93ADF0DD284E}.Release|Win32.Build.0 = Release|Win32
		{B11D750F-CD1F-4A96-85CE-E69A5C5259F9}.Debug|Win32.ActiveCfg = Debug|Win32
		{B11D750F-CD1F-4A96-85CE-E69A5C5259F9}.Debug|Win32.Build.0 = Debug|Win32
		{B11D750F-CD1F-4A96-85CE-E69A5C5259F9}.PGInstrument|Win32.ActiveCfg = PGInstrument|Win32
		{B11D750F-CD1F-4A96-85CE-E69A5C5259F9}.PGInstrument|Win32.Build.0 = PGInstrument|Win32
		{B11D750F-CD1F-4A96-85CE-E69A5C5259F9}.PGUpdate|Win32.ActiveCfg = PGUpdate|Win32
		{B11D750F-CD1F-4A96-85CE-E69A5C5259F9}.PGUpdate|Win32.Build.0 = PGUpdate|Win32
		{B11D750F-CD1F-4A96-85CE-E69A5C5259F9}.Release|Win32.ActiveCfg = Release|Win32
		{B11D750F-CD1F-4A96-85CE-E69A5C5259F9}.Release|Win32.Build.0 = Release|Win32
		{CF7AC3D1-E2DF-41D2-BEA6-1E2556CDEA26}.Debug|Win32.ActiveCfg = Debug|Win32
		{CF7AC3D1-E2DF-41D2-BEA6-1E2556CDEA26}.Debug|Win32.Build.0 = Debug|Win32
		{CF7AC3D1-E2DF-41D2-BEA6-1E2556CDEA26}.PGInstrument|Win32.ActiveCfg = PGInstrument|Win32
		{CF7AC3D1-E2DF-41D2-BEA6-1E2556CDEA26}.PGInstrument|Win32.Build.0 = PGInstrument|Win32
		{CF7AC3D1-E2DF-41D2-BEA6-1E2556CDEA26}.PGUpdate|Win32.ActiveCfg = PGUpdate|Win32
		{CF7AC3D1-E2DF-41D2-BEA6-1E2556CDEA26}.PGUpdate|Win32.Build.0 = PGUpdate|Win32
		{CF7AC3D1-E2DF-41D2-BEA6-1E2556CDEA26}.Release|Win32.ActiveCfg = Release|Win32
		{CF7AC3D1-E2DF-41D2-BEA6-1E2556CDEA26}.Release|Win32.Build.0 = Release|Win32
		{F4229CC3-873C-49AE-9729-DD308ED4CD4A}.Debug|Win32.ActiveCfg = Debug|Win32
		{F4229CC3-873C-49AE-9729-DD308ED4CD4A}.Debug|Win32.Build.0 = Debug|Win32
		{F4229CC3-873C-49AE-9729-DD308ED4CD4A}.PGInstrument|Win32.ActiveCfg = PGInstrument|Win32
		{F4229CC3-873C-49AE-9729-DD308ED4CD4A}.PGInstrument|Win32.Build.0 = PGInstrument|Win32
		{F4229CC3-873C-49AE-9729-DD308ED4CD4A}.PGUpdate|Win32.ActiveCfg = PGUpdate|Win32
		{F4229CC3-873C-49AE-9729-DD308ED4CD4A}.PGUpdate|Win32.Build.0 = PGUpdate|Win32
		{F4229CC3-873C-49AE-9729-DD308ED4CD4A}.Release|Win32.ActiveCfg = Release|Win32
		{F4229CC3-873C-49AE-9729-DD308ED4CD4A}.Release|Win32.Build.0 = Release|Win32
		{8CEBAA3E-8A41-B3E3-3A38-9271586FE28D}.Debug|Win32.ActiveCfg = Debug|Win32
		{8CEBAA3E-8A41-B3E3-3A38-9271586FE28D}.Debug|Win32.Build.0 = Debug|Win32
		{8CEBAA3E-8A41-B3E3-3A38-9271586FE28D}.PGInstrument|Win32.ActiveCfg = PGInstrument|Win32
		{8CEBAA3E-8A41-B3E3-3A38-9271586FE28D}.PGInstrument|Win32.Build.0 = PGInstrument|Win32
		{8CEBAA3E-8A41-B3E3-3A38-9271586FE28D}.PGUpdate|Win32.ActiveCfg = PGUpdate|Win32
		{8CEBAA3E-8A41-B3E3-3A38-9271586FE28D}.PGUpdate|Win32.Build.0 = PGUpdate|Win32
		{8CEBAA3E-8A41-B3E3-3A38-9271586FE28D}.Release|Win32.ActiveCfg = Release|Win32
		{8CEBAA3E-8A41-B3E3-3A38-9271586FE28D}.Release|Win32.Build.0 = Release|Win32
	EndGlobalSection
	GlobalSection(SolutionProperties) = preSolution
		HideSolutionNode = FALSE
	EndGlobalSection
	GlobalSection(ExtensibilityGlobals) = postSolution
		SolutionGuid = {09BF36CC-DC0F-4269-BD0C-B9A3665C14F0}
	EndGlobalSection
EndGlobal
